// !$*UTF8*$!
{
	archiveVersion = 1;
	classes = {
	};
	objectVersion = 46;
	objects = {

/* Begin PBXBuildFile section */
		1D2391395A8710F3E85A55 /* UIKit.framework in Frameworks */ = {isa = PBXBuildFile; fileRef = 1D2391395A8710F3E85A54 /* UIKit.framework */; };
		1D2391395A8710F3E85A57 /* Foundation.framework in Frameworks */ = {isa = PBXBuildFile; fileRef = 1D2391395A8710F3E85A56 /* Foundation.framework */; };
		1D2391395A8710F3E85A5F /* InfoPlist.strings in Resources */ = {isa = PBXBuildFile; fileRef = 1D2391395A8710F3E85A5E /* InfoPlist.strings */; };
		1D2391395A8710F3E85A61 /* main.m in Sources */ = {isa = PBXBuildFile; fileRef = 1D2391395A8710F3E85A60 /* main.m */; };
		1D2391395A8710F3E85A65 /* CKAppDelegate.m in Sources */ = {isa = PBXBuildFile; fileRef = 1D2391395A8710F3E85A64 /* CKAppDelegate.m */; };
		1D2391395A8710F3E85A68 /* CKViewController.m in Sources */ = {isa = PBXBuildFile; fileRef = 1D2391395A8710F3E85A67 /* CKViewController.m */; };
		1D2391395A8710F3E85A74 /* QuartzCore.framework in Frameworks */ = {isa = PBXBuildFile; fileRef = 1D2391395A8710F3E85A73 /* QuartzCore.framework */; };
		1D2391395A8710F3E85A76 /* CoreGraphics.framework in Frameworks */ = {isa = PBXBuildFile; fileRef = 1D2391395A8710F3E85A75 /* CoreGraphics.framework */; };
		1D2391395A8710F3E85A85 /* CKCalendarView.m in Sources */ = {isa = PBXBuildFile; fileRef = 1D2391395A8710F3E85A84 /* CKCalendarView.m */; };
		1D2391395A8710F3E85A88 /* left_arrow.png in Resources */ = {isa = PBXBuildFile; fileRef = 1D2391395A8710F3E85A87 /* left_arrow.png */; };
		1D2391395A8710F3E85A8A /* left_arrow@2x.png in Resources */ = {isa = PBXBuildFile; fileRef = 1D2391395A8710F3E85A89 /* left_arrow@2x.png */; };
		1D2391395A8710F3E85A8C /* right_arrow.png in Resources */ = {isa = PBXBuildFile; fileRef = 1D2391395A8710F3E85A8B /* right_arrow.png */; };
		1D2391395A8710F3E85A8E /* right_arrow@2x.png in Resources */ = {isa = PBXBuildFile; fileRef = 1D2391395A8710F3E85A8D /* right_arrow@2x.png */; };
		CB9D8AE31CE845900049EB5C /* Info.plist in Resources */ = {isa = PBXBuildFile; fileRef = CB9D8AC91CE845900049EB5C /* Info.plist */; };
		CB9D8AE41CE845900049EB5C /* MASCompositeConstraint.m in Sources */ = {isa = PBXBuildFile; fileRef = CB9D8ACB1CE845900049EB5C /* MASCompositeConstraint.m */; };
		CB9D8AE51CE845900049EB5C /* MASConstraint.m in Sources */ = {isa = PBXBuildFile; fileRef = CB9D8ACE1CE845900049EB5C /* MASConstraint.m */; };
		CB9D8AE61CE845900049EB5C /* MASConstraintMaker.m in Sources */ = {isa = PBXBuildFile; fileRef = CB9D8AD01CE845900049EB5C /* MASConstraintMaker.m */; };
		CB9D8AE71CE845900049EB5C /* MASLayoutConstraint.m in Sources */ = {isa = PBXBuildFile; fileRef = CB9D8AD21CE845900049EB5C /* MASLayoutConstraint.m */; };
		CB9D8AE81CE845900049EB5C /* MASViewAttribute.m in Sources */ = {isa = PBXBuildFile; fileRef = CB9D8AD61CE845900049EB5C /* MASViewAttribute.m */; };
		CB9D8AE91CE845900049EB5C /* MASViewConstraint.m in Sources */ = {isa = PBXBuildFile; fileRef = CB9D8AD81CE845900049EB5C /* MASViewConstraint.m */; };
		CB9D8AEA1CE845900049EB5C /* NSArray+MASAdditions.m in Sources */ = {isa = PBXBuildFile; fileRef = CB9D8ADA1CE845900049EB5C /* NSArray+MASAdditions.m */; };
		CB9D8AEB1CE845900049EB5C /* NSLayoutConstraint+MASDebugAdditions.m in Sources */ = {isa = PBXBuildFile; fileRef = CB9D8ADD1CE845900049EB5C /* NSLayoutConstraint+MASDebugAdditions.m */; };
		CB9D8AEC1CE845900049EB5C /* View+MASAdditions.m in Sources */ = {isa = PBXBuildFile; fileRef = CB9D8ADF1CE845900049EB5C /* View+MASAdditions.m */; };
		CB9D8AED1CE845900049EB5C /* ViewController+MASAdditions.m in Sources */ = {isa = PBXBuildFile; fileRef = CB9D8AE21CE845900049EB5C /* ViewController+MASAdditions.m */; };
		CB9D8AEF1CE867290049EB5C /* Images.xcassets in Resources */ = {isa = PBXBuildFile; fileRef = CB9D8AEE1CE867290049EB5C /* Images.xcassets */; };
/* End PBXBuildFile section */

/* Begin PBXFileReference section */
		1D2391395A8710F3E85A54 /* UIKit.framework */ = {isa = PBXFileReference; lastKnownFileType = wrapper.framework; name = UIKit.framework; path = System/Library/Frameworks/UIKit.framework; sourceTree = SDKROOT; };
		1D2391395A8710F3E85A56 /* Foundation.framework */ = {isa = PBXFileReference; lastKnownFileType = wrapper.framework; name = Foundation.framework; path = System/Library/Frameworks/Foundation.framework; sourceTree = SDKROOT; };
		1D2391395A8710F3E85A5C /* Calendar-Info.plist */ = {isa = PBXFileReference; lastKnownFileType = text.plist.info; path = "Calendar-Info.plist"; sourceTree = "<group>"; };
		1D2391395A8710F3E85A5D /* en */ = {isa = PBXFileReference; lastKnownFileType = text.plist.strings; name = en; path = en.lproj/InfoPlist.strings; sourceTree = "<group>"; };
		1D2391395A8710F3E85A60 /* main.m */ = {isa = PBXFileReference; lastKnownFileType = sourcecode.c.objc; path = main.m; sourceTree = "<group>"; };
		1D2391395A8710F3E85A62 /* Calendar-Prefix.pch */ = {isa = PBXFileReference; lastKnownFileType = sourcecode.c.h; path = "Calendar-Prefix.pch"; sourceTree = "<group>"; };
		1D2391395A8710F3E85A63 /* CKAppDelegate.h */ = {isa = PBXFileReference; lastKnownFileType = sourcecode.c.h; path = CKAppDelegate.h; sourceTree = "<group>"; };
		1D2391395A8710F3E85A64 /* CKAppDelegate.m */ = {isa = PBXFileReference; lastKnownFileType = sourcecode.c.objc; path = CKAppDelegate.m; sourceTree = "<group>"; };
		1D2391395A8710F3E85A66 /* CKViewController.h */ = {isa = PBXFileReference; lastKnownFileType = sourcecode.c.h; path = CKViewController.h; sourceTree = "<group>"; };
		1D2391395A8710F3E85A67 /* CKViewController.m */ = {isa = PBXFileReference; lastKnownFileType = sourcecode.c.objc; path = CKViewController.m; sourceTree = "<group>"; };
		1D2391395A8710F3E85A73 /* QuartzCore.framework */ = {isa = PBXFileReference; lastKnownFileType = wrapper.framework; name = QuartzCore.framework; path = System/Library/Frameworks/QuartzCore.framework; sourceTree = SDKROOT; };
		1D2391395A8710F3E85A75 /* CoreGraphics.framework */ = {isa = PBXFileReference; lastKnownFileType = wrapper.framework; name = CoreGraphics.framework; path = System/Library/Frameworks/CoreGraphics.framework; sourceTree = SDKROOT; };
		1D2391395A8710F3E85A83 /* CKCalendarView.h */ = {isa = PBXFileReference; fileEncoding = 4; lastKnownFileType = sourcecode.c.h; name = CKCalendarView.h; path = ../../Source/CKCalendarView.h; sourceTree = "<group>"; };
		1D2391395A8710F3E85A84 /* CKCalendarView.m */ = {isa = PBXFileReference; fileEncoding = 4; lastKnownFileType = sourcecode.c.objc; name = CKCalendarView.m; path = ../../Source/CKCalendarView.m; sourceTree = "<group>"; };
		1D2391395A8710F3E85A87 /* left_arrow.png */ = {isa = PBXFileReference; lastKnownFileType = image.png; name = left_arrow.png; path = ../../Source/resources/left_arrow.png; sourceTree = "<group>"; };
		1D2391395A8710F3E85A89 /* left_arrow@2x.png */ = {isa = PBXFileReference; lastKnownFileType = image.png; name = "left_arrow@2x.png"; path = "../../Source/resources/left_arrow@2x.png"; sourceTree = "<group>"; };
		1D2391395A8710F3E85A8B /* right_arrow.png */ = {isa = PBXFileReference; lastKnownFileType = image.png; name = right_arrow.png; path = ../../Source/resources/right_arrow.png; sourceTree = "<group>"; };
		1D2391395A8710F3E85A8D /* right_arrow@2x.png */ = {isa = PBXFileReference; lastKnownFileType = image.png; name = "right_arrow@2x.png"; path = "../../Source/resources/right_arrow@2x.png"; sourceTree = "<group>"; };
		CB9D8AC91CE845900049EB5C /* Info.plist */ = {isa = PBXFileReference; fileEncoding = 4; lastKnownFileType = text.plist.xml; path = Info.plist; sourceTree = "<group>"; };
		CB9D8ACA1CE845900049EB5C /* MASCompositeConstraint.h */ = {isa = PBXFileReference; fileEncoding = 4; lastKnownFileType = sourcecode.c.h; path = MASCompositeConstraint.h; sourceTree = "<group>"; };
		CB9D8ACB1CE845900049EB5C /* MASCompositeConstraint.m */ = {isa = PBXFileReference; fileEncoding = 4; lastKnownFileType = sourcecode.c.objc; path = MASCompositeConstraint.m; sourceTree = "<group>"; };
		CB9D8ACC1CE845900049EB5C /* MASConstraint+Private.h */ = {isa = PBXFileReference; fileEncoding = 4; lastKnownFileType = sourcecode.c.h; path = "MASConstraint+Private.h"; sourceTree = "<group>"; };
		CB9D8ACD1CE845900049EB5C /* MASConstraint.h */ = {isa = PBXFileReference; fileEncoding = 4; lastKnownFileType = sourcecode.c.h; path = MASConstraint.h; sourceTree = "<group>"; };
		CB9D8ACE1CE845900049EB5C /* MASConstraint.m */ = {isa = PBXFileReference; fileEncoding = 4; lastKnownFileType = sourcecode.c.objc; path = MASConstraint.m; sourceTree = "<group>"; };
		CB9D8ACF1CE845900049EB5C /* MASConstraintMaker.h */ = {isa = PBXFileReference; fileEncoding = 4; lastKnownFileType = sourcecode.c.h; path = MASConstraintMaker.h; sourceTree = "<group>"; };
		CB9D8AD01CE845900049EB5C /* MASConstraintMaker.m */ = {isa = PBXFileReference; fileEncoding = 4; lastKnownFileType = sourcecode.c.objc; path = MASConstraintMaker.m; sourceTree = "<group>"; };
		CB9D8AD11CE845900049EB5C /* MASLayoutConstraint.h */ = {isa = PBXFileReference; fileEncoding = 4; lastKnownFileType = sourcecode.c.h; path = MASLayoutConstraint.h; sourceTree = "<group>"; };
		CB9D8AD21CE845900049EB5C /* MASLayoutConstraint.m */ = {isa = PBXFileReference; fileEncoding = 4; lastKnownFileType = sourcecode.c.objc; path = MASLayoutConstraint.m; sourceTree = "<group>"; };
		CB9D8AD31CE845900049EB5C /* Masonry.h */ = {isa = PBXFileReference; fileEncoding = 4; lastKnownFileType = sourcecode.c.h; path = Masonry.h; sourceTree = "<group>"; };
		CB9D8AD41CE845900049EB5C /* MASUtilities.h */ = {isa = PBXFileReference; fileEncoding = 4; lastKnownFileType = sourcecode.c.h; path = MASUtilities.h; sourceTree = "<group>"; };
		CB9D8AD51CE845900049EB5C /* MASViewAttribute.h */ = {isa = PBXFileReference; fileEncoding = 4; lastKnownFileType = sourcecode.c.h; path = MASViewAttribute.h; sourceTree = "<group>"; };
		CB9D8AD61CE845900049EB5C /* MASViewAttribute.m */ = {isa = PBXFileReference; fileEncoding = 4; lastKnownFileType = sourcecode.c.objc; path = MASViewAttribute.m; sourceTree = "<group>"; };
		CB9D8AD71CE845900049EB5C /* MASViewConstraint.h */ = {isa = PBXFileReference; fileEncoding = 4; lastKnownFileType = sourcecode.c.h; path = MASViewConstraint.h; sourceTree = "<group>"; };
		CB9D8AD81CE845900049EB5C /* MASViewConstraint.m */ = {isa = PBXFileReference; fileEncoding = 4; lastKnownFileType = sourcecode.c.objc; path = MASViewConstraint.m; sourceTree = "<group>"; };
		CB9D8AD91CE845900049EB5C /* NSArray+MASAdditions.h */ = {isa = PBXFileReference; fileEncoding = 4; lastKnownFileType = sourcecode.c.h; path = "NSArray+MASAdditions.h"; sourceTree = "<group>"; };
		CB9D8ADA1CE845900049EB5C /* NSArray+MASAdditions.m */ = {isa = PBXFileReference; fileEncoding = 4; lastKnownFileType = sourcecode.c.objc; path = "NSArray+MASAdditions.m"; sourceTree = "<group>"; };
		CB9D8ADB1CE845900049EB5C /* NSArray+MASShorthandAdditions.h */ = {isa = PBXFileReference; fileEncoding = 4; lastKnownFileType = sourcecode.c.h; path = "NSArray+MASShorthandAdditions.h"; sourceTree = "<group>"; };
		CB9D8ADC1CE845900049EB5C /* NSLayoutConstraint+MASDebugAdditions.h */ = {isa = PBXFileReference; fileEncoding = 4; lastKnownFileType = sourcecode.c.h; path = "NSLayoutConstraint+MASDebugAdditions.h"; sourceTree = "<group>"; };
		CB9D8ADD1CE845900049EB5C /* NSLayoutConstraint+MASDebugAdditions.m */ = {isa = PBXFileReference; fileEncoding = 4; lastKnownFileType = sourcecode.c.objc; path = "NSLayoutConstraint+MASDebugAdditions.m"; sourceTree = "<group>"; };
		CB9D8ADE1CE845900049EB5C /* View+MASAdditions.h */ = {isa = PBXFileReference; fileEncoding = 4; lastKnownFileType = sourcecode.c.h; path = "View+MASAdditions.h"; sourceTree = "<group>"; };
		CB9D8ADF1CE845900049EB5C /* View+MASAdditions.m */ = {isa = PBXFileReference; fileEncoding = 4; lastKnownFileType = sourcecode.c.objc; path = "View+MASAdditions.m"; sourceTree = "<group>"; };
		CB9D8AE01CE845900049EB5C /* View+MASShorthandAdditions.h */ = {isa = PBXFileReference; fileEncoding = 4; lastKnownFileType = sourcecode.c.h; path = "View+MASShorthandAdditions.h"; sourceTree = "<group>"; };
		CB9D8AE11CE845900049EB5C /* ViewController+MASAdditions.h */ = {isa = PBXFileReference; fileEncoding = 4; lastKnownFileType = sourcecode.c.h; path = "ViewController+MASAdditions.h"; sourceTree = "<group>"; };
		CB9D8AE21CE845900049EB5C /* ViewController+MASAdditions.m */ = {isa = PBXFileReference; fileEncoding = 4; lastKnownFileType = sourcecode.c.objc; path = "ViewController+MASAdditions.m"; sourceTree = "<group>"; };
		CB9D8AEE1CE867290049EB5C /* Images.xcassets */ = {isa = PBXFileReference; lastKnownFileType = folder.assetcatalog; path = Images.xcassets; sourceTree = "<group>"; };
		CB9D8AF01CE867290049EB5C /* Calendar.app */ = {isa = PBXFileReference; explicitFileType = wrapper.application; includeInIndex = 0; path = Calendar.app; sourceTree = BUILT_PRODUCTS_DIR; };
/* End PBXFileReference section */

/* Begin PBXFrameworksBuildPhase section */
		1D2391395A8710F3E85A51 /* Frameworks */ = {
			isa = PBXFrameworksBuildPhase;
			buildActionMask = 2147483647;
			files = (
				1D2391395A8710F3E85A55 /* UIKit.framework in Frameworks */,
				1D2391395A8710F3E85A57 /* Foundation.framework in Frameworks */,
				1D2391395A8710F3E85A74 /* QuartzCore.framework in Frameworks */,
				1D2391395A8710F3E85A76 /* CoreGraphics.framework in Frameworks */,
			);
			runOnlyForDeploymentPostprocessing = 0;
		};
/* End PBXFrameworksBuildPhase section */

/* Begin PBXGroup section */
		1D2391395A8710F3E85A47 = {
			isa = PBXGroup;
			children = (
				CB9D8AC81CE845900049EB5C /* Masonry */,
				1D2391395A8710F3E85A53 /* Frameworks */,
				1D2391395A8710F3E85A5A /* Calendar */,
				CB9D8AF01CE867290049EB5C /* Calendar.app */,
			);
			sourceTree = "<group>";
		};
		1D2391395A8710F3E85A53 /* Frameworks */ = {
			isa = PBXGroup;
			children = (
				1D2391395A8710F3E85A75 /* CoreGraphics.framework */,
				1D2391395A8710F3E85A73 /* QuartzCore.framework */,
				1D2391395A8710F3E85A56 /* Foundation.framework */,
				1D2391395A8710F3E85A54 /* UIKit.framework */,
			);
			name = Frameworks;
			sourceTree = "<group>";
		};
		1D2391395A8710F3E85A5A /* Calendar */ = {
			isa = PBXGroup;
			children = (
				1D2391395A8710F3E85A84 /* CKCalendarView.m */,
				1D2391395A8710F3E85A83 /* CKCalendarView.h */,
				1D2391395A8710F3E85A67 /* CKViewController.m */,
				1D2391395A8710F3E85A66 /* CKViewController.h */,
				1D2391395A8710F3E85A64 /* CKAppDelegate.m */,
				1D2391395A8710F3E85A63 /* CKAppDelegate.h */,
				1D2391395A8710F3E85A5B /* Supporting Files */,
				1D2391395A8710F3E85A86 /* resources */,
				CB9D8AEE1CE867290049EB5C /* Images.xcassets */,
			);
			path = Calendar;
			sourceTree = "<group>";
		};
		1D2391395A8710F3E85A5B /* Supporting Files */ = {
			isa = PBXGroup;
			children = (
				1D2391395A8710F3E85A62 /* Calendar-Prefix.pch */,
				1D2391395A8710F3E85A60 /* main.m */,
				1D2391395A8710F3E85A5E /* InfoPlist.strings */,
				1D2391395A8710F3E85A5C /* Calendar-Info.plist */,
			);
			name = "Supporting Files";
			sourceTree = "<group>";
		};
		1D2391395A8710F3E85A86 /* resources */ = {
			isa = PBXGroup;
			children = (
				1D2391395A8710F3E85A8D /* right_arrow@2x.png */,
				1D2391395A8710F3E85A8B /* right_arrow.png */,
				1D2391395A8710F3E85A89 /* left_arrow@2x.png */,
				1D2391395A8710F3E85A87 /* left_arrow.png */,
			);
			name = resources;
			sourceTree = "<group>";
		};
		CB9D8AC81CE845900049EB5C /* Masonry */ = {
			isa = PBXGroup;
			children = (
				CB9D8AC91CE845900049EB5C /* Info.plist */,
				CB9D8ACA1CE845900049EB5C /* MASCompositeConstraint.h */,
				CB9D8ACB1CE845900049EB5C /* MASCompositeConstraint.m */,
				CB9D8ACC1CE845900049EB5C /* MASConstraint+Private.h */,
				CB9D8ACD1CE845900049EB5C /* MASConstraint.h */,
				CB9D8ACE1CE845900049EB5C /* MASConstraint.m */,
				CB9D8ACF1CE845900049EB5C /* MASConstraintMaker.h */,
				CB9D8AD01CE845900049EB5C /* MASConstraintMaker.m */,
				CB9D8AD11CE845900049EB5C /* MASLayoutConstraint.h */,
				CB9D8AD21CE845900049EB5C /* MASLayoutConstraint.m */,
				CB9D8AD31CE845900049EB5C /* Masonry.h */,
				CB9D8AD41CE845900049EB5C /* MASUtilities.h */,
				CB9D8AD51CE845900049EB5C /* MASViewAttribute.h */,
				CB9D8AD61CE845900049EB5C /* MASViewAttribute.m */,
				CB9D8AD71CE845900049EB5C /* MASViewConstraint.h */,
				CB9D8AD81CE845900049EB5C /* MASViewConstraint.m */,
				CB9D8AD91CE845900049EB5C /* NSArray+MASAdditions.h */,
				CB9D8ADA1CE845900049EB5C /* NSArray+MASAdditions.m */,
				CB9D8ADB1CE845900049EB5C /* NSArray+MASShorthandAdditions.h */,
				CB9D8ADC1CE845900049EB5C /* NSLayoutConstraint+MASDebugAdditions.h */,
				CB9D8ADD1CE845900049EB5C /* NSLayoutConstraint+MASDebugAdditions.m */,
				CB9D8ADE1CE845900049EB5C /* View+MASAdditions.h */,
				CB9D8ADF1CE845900049EB5C /* View+MASAdditions.m */,
				CB9D8AE01CE845900049EB5C /* View+MASShorthandAdditions.h */,
				CB9D8AE11CE845900049EB5C /* ViewController+MASAdditions.h */,
				CB9D8AE21CE845900049EB5C /* ViewController+MASAdditions.m */,
			);
			path = Masonry;
			sourceTree = "<group>";
		};
/* End PBXGroup section */

/* Begin PBXNativeTarget section */
		1D2391395A8710F3E85A4C /* Calendar */ = {
			isa = PBXNativeTarget;
			buildConfigurationList = 1D2391395A8710F3E85A4D /* Build configuration list for PBXNativeTarget "Calendar" */;
			buildPhases = (
				1D2391395A8710F3E85A50 /* Sources */,
				1D2391395A8710F3E85A51 /* Frameworks */,
				1D2391395A8710F3E85A52 /* Resources */,
			);
			buildRules = (
			);
			dependencies = (
			);
			name = Calendar;
			productName = Calendar;
			productReference = CB9D8AF01CE867290049EB5C /* Calendar.app */;
			productType = "com.apple.product-type.application";
		};
/* End PBXNativeTarget section */

/* Begin PBXProject section */
		001D2391395A8710F3E85A45 /* Project object */ = {
			isa = PBXProject;
			attributes = {
			};
			buildConfigurationList = 1D2391395A8710F3E85A46 /* Build configuration list for PBXProject "Calendar" */;
			compatibilityVersion = "Xcode 3.2";
			developmentRegion = English;
			hasScannedForEncodings = 0;
			knownRegions = (
				en,
			);
			mainGroup = 1D2391395A8710F3E85A47;
			productRefGroup = 1D2391395A8710F3E85A47;
			projectDirPath = "";
			projectRoot = "";
			targets = (
				1D2391395A8710F3E85A4C /* Calendar */,
			);
		};
/* End PBXProject section */

/* Begin PBXResourcesBuildPhase section */
		1D2391395A8710F3E85A52 /* Resources */ = {
			isa = PBXResourcesBuildPhase;
			buildActionMask = 2147483647;
			files = (
				1D2391395A8710F3E85A5F /* InfoPlist.strings in Resources */,
				1D2391395A8710F3E85A88 /* left_arrow.png in Resources */,
				CB9D8AEF1CE867290049EB5C /* Images.xcassets in Resources */,
				CB9D8AE31CE845900049EB5C /* Info.plist in Resources */,
				1D2391395A8710F3E85A8A /* left_arrow@2x.png in Resources */,
				1D2391395A8710F3E85A8C /* right_arrow.png in Resources */,
				1D2391395A8710F3E85A8E /* right_arrow@2x.png in Resources */,
			);
			runOnlyForDeploymentPostprocessing = 0;
		};
/* End PBXResourcesBuildPhase section */

/* Begin PBXSourcesBuildPhase section */
		1D2391395A8710F3E85A50 /* Sources */ = {
			isa = PBXSourcesBuildPhase;
			buildActionMask = 2147483647;
			files = (
				CB9D8AE61CE845900049EB5C /* MASConstraintMaker.m in Sources */,
				1D2391395A8710F3E85A61 /* main.m in Sources */,
				1D2391395A8710F3E85A65 /* CKAppDelegate.m in Sources */,
				CB9D8AE51CE845900049EB5C /* MASConstraint.m in Sources */,
				CB9D8AED1CE845900049EB5C /* ViewController+MASAdditions.m in Sources */,
				CB9D8AE71CE845900049EB5C /* MASLayoutConstraint.m in Sources */,
				CB9D8AEA1CE845900049EB5C /* NSArray+MASAdditions.m in Sources */,
				CB9D8AE91CE845900049EB5C /* MASViewConstraint.m in Sources */,
				CB9D8AE81CE845900049EB5C /* MASViewAttribute.m in Sources */,
				CB9D8AEC1CE845900049EB5C /* View+MASAdditions.m in Sources */,
				1D2391395A8710F3E85A68 /* CKViewController.m in Sources */,
				1D2391395A8710F3E85A85 /* CKCalendarView.m in Sources */,
				CB9D8AE41CE845900049EB5C /* MASCompositeConstraint.m in Sources */,
				CB9D8AEB1CE845900049EB5C /* NSLayoutConstraint+MASDebugAdditions.m in Sources */,
			);
			runOnlyForDeploymentPostprocessing = 0;
		};
/* End PBXSourcesBuildPhase section */

/* Begin PBXVariantGroup section */
		1D2391395A8710F3E85A5E /* InfoPlist.strings */ = {
			isa = PBXVariantGroup;
			children = (
				1D2391395A8710F3E85A5D /* en */,
			);
			name = InfoPlist.strings;
			sourceTree = "<group>";
		};
/* End PBXVariantGroup section */

/* Begin XCBuildConfiguration section */
		1D2391395A8710F3E85A49 /* Release */ = {
			isa = XCBuildConfiguration;
			buildSettings = {
				ALWAYS_SEARCH_USER_PATHS = NO;
				ARCHS = "$(ARCHS_STANDARD_32_BIT)";
				CLANG_ENABLE_OBJC_ARC = YES;
				"CODE_SIGN_IDENTITY[sdk=iphoneos*]" = "iPhone Developer";
				COPY_PHASE_STRIP = YES;
				GCC_C_LANGUAGE_STANDARD = gnu99;
				GCC_VERSION = com.apple.compilers.llvm.clang.1_0;
				GCC_WARN_ABOUT_RETURN_TYPE = YES;
				GCC_WARN_UNINITIALIZED_AUTOS = YES;
				GCC_WARN_UNUSED_VARIABLE = YES;
				IPHONEOS_DEPLOYMENT_TARGET = 5.1;
				OTHER_CFLAGS = "-DNS_BLOCK_ASSERTIONS=1";
				SDKROOT = iphoneos;
				TARGETED_DEVICE_FAMILY = "1,2";
				VALIDATE_PRODUCT = YES;
			};
			name = Release;
		};
		1D2391395A8710F3E85A4A /* Debug */ = {
			isa = XCBuildConfiguration;
			buildSettings = {
				ALWAYS_SEARCH_USER_PATHS = NO;
				ARCHS = "$(ARCHS_STANDARD_32_BIT)";
				CLANG_ENABLE_OBJC_ARC = YES;
				"CODE_SIGN_IDENTITY[sdk=iphoneos*]" = "iPhone Developer";
				COPY_PHASE_STRIP = NO;
				GCC_C_LANGUAGE_STANDARD = gnu99;
				GCC_DYNAMIC_NO_PIC = NO;
				GCC_OPTIMIZATION_LEVEL = 0;
				GCC_PREPROCESSOR_DEFINITIONS = (
					"DEBUG=1",
					"$(inherited)",
				);
				GCC_SYMBOLS_PRIVATE_EXTERN = NO;
				GCC_VERSION = com.apple.compilers.llvm.clang.1_0;
				GCC_WARN_ABOUT_RETURN_TYPE = YES;
				GCC_WARN_UNINITIALIZED_AUTOS = YES;
				GCC_WARN_UNUSED_VARIABLE = YES;
				IPHONEOS_DEPLOYMENT_TARGET = 5.1;
				SDKROOT = iphoneos;
				TARGETED_DEVICE_FAMILY = "1,2";
			};
			name = Debug;
		};
		1D2391395A8710F3E85A4E /* Release */ = {
			isa = XCBuildConfiguration;
			buildSettings = {
				GCC_PRECOMPILE_PREFIX_HEADER = YES;
				GCC_PREFIX_HEADER = "Calendar/Calendar-Prefix.pch";
				INFOPLIST_FILE = "Calendar/Calendar-Info.plist";
				IPHONEOS_DEPLOYMENT_TARGET = 9.1;
				PRODUCT_NAME = "$(TARGET_NAME)";
				TARGETED_DEVICE_FAMILY = 1;
				WRAPPER_EXTENSION = app;
			};
			name = Release;
		};
		1D2391395A8710F3E85A4F /* Debug */ = {
			isa = XCBuildConfiguration;
			buildSettings = {
				GCC_PRECOMPILE_PREFIX_HEADER = YES;
				GCC_PREFIX_HEADER = "Calendar/Calendar-Prefix.pch";
				INFOPLIST_FILE = "Calendar/Calendar-Info.plist";
				IPHONEOS_DEPLOYMENT_TARGET = 9.1;
				PRODUCT_NAME = "$(TARGET_NAME)";
				TARGETED_DEVICE_FAMILY = 1;
				WRAPPER_EXTENSION = app;
			};
			name = Debug;
		};
/* End XCBuildConfiguration section */

/* Begin XCConfigurationList section */
		1D2391395A8710F3E85A46 /* Build configuration list for PBXProject "Calendar" */ = {
			isa = XCConfigurationList;
			buildConfigurations = (
				1D2391395A8710F3E85A49 /* Release */,
				1D2391395A8710F3E85A4A /* Debug */,
			);
			defaultConfigurationIsVisible = 0;
			defaultConfigurationName = Release;
		};
		1D2391395A8710F3E85A4D /* Build configuration list for PBXNativeTarget "Calendar" */ = {
			isa = XCConfigurationList;
			buildConfigurations = (
				1D2391395A8710F3E85A4E /* Release */,
				1D2391395A8710F3E85A4F /* Debug */,
			);
			defaultConfigurationIsVisible = 0;
			defaultConfigurationName = Release;
		};
/* End XCConfigurationList section */
	};
	rootObject = 001D2391395A8710F3E85A45 /* Project object */;
}
